
Microsoft Visual Studio Solution File, Format Version 12.00
# Visual Studio Version 17
VisualStudioVersion = 17.1.32210.238
MinimumVisualStudioVersion = 10.0.40219.1
Project("{9A19103F-16F7-4668-BE54-9A1E7A4F7556}") = "EShopPUA", "EShopPUA\EShopPUA.csproj", "{371A98C5-3F9E-4FA5-90F4-B6FB54CEF03F}"
EndProject
Project("{00D1A9C2-B5F0-4AF3-8072-F6C62B433612}") = "DatabaseEShop", "DatabaseEShop\DatabaseEShop.sqlproj", "{ABB2C1E5-55FD-4E18-A0B4-C6B71CA5CEEA}"
EndProject
Global
	GlobalSection(SolutionConfigurationPlatforms) = preSolution
		Debug|Any CPU = Debug|Any CPU
		Release|Any CPU = Release|Any CPU
	EndGlobalSection
	GlobalSection(ProjectConfigurationPlatforms) = postSolution
		{371A98C5-3F9E-4FA5-90F4-B6FB54CEF03F}.Debug|Any CPU.ActiveCfg = Debug|Any CPU
		{371A98C5-3F9E-4FA5-90F4-B6FB54CEF03F}.Debug|Any CPU.Build.0 = Debug|Any CPU
		{371A98C5-3F9E-4FA5-90F4-B6FB54CEF03F}.Release|Any CPU.ActiveCfg = Release|Any CPU
		{371A98C5-3F9E-4FA5-90F4-B6FB54CEF03F}.Release|Any CPU.Build.0 = Release|Any CPU
		{ABB2C1E5-55FD-4E18-A0B4-C6B71CA5CEEA}.Debug|Any CPU.ActiveCfg = Debug|Any CPU
		{ABB2C1E5-55FD-4E18-A0B4-C6B71CA5CEEA}.Debug|Any CPU.Build.0 = Debug|Any CPU
		{ABB2C1E5-55FD-4E18-A0B4-C6B71CA5CEEA}.Debug|Any CPU.Deploy.0 = Debug|Any CPU
		{ABB2C1E5-55FD-4E18-A0B4-C6B71CA5CEEA}.Release|Any CPU.ActiveCfg = Release|Any CPU
		{ABB2C1E5-55FD-4E18-A0B4-C6B71CA5CEEA}.Release|Any CPU.Build.0 = Release|Any CPU
		{ABB2C1E5-55FD-4E18-A0B4-C6B71CA5CEEA}.Release|Any CPU.Deploy.0 = Release|Any CPU
	EndGlobalSection
	GlobalSection(SolutionProperties) = preSolution
		HideSolutionNode = FALSE
	EndGlobalSection
	GlobalSection(ExtensibilityGlobals) = postSolution
		SolutionGuid = {27A81147-6EFC-4E5A-B7B7-A6620E6022F5}
	EndGlobalSection
EndGlobal
