
Microsoft Visual Studio Solution File, Format Version 12.00
# Visual Studio Version 17
VisualStudioVersion = 17.1.32210.238
MinimumVisualStudioVersion = 10.0.40219.1
Project("{9A19103F-16F7-4668-BE54-9A1E7A4F7556}") = "EShopPUA", "EShopPUA\EShopPUA.csproj", "{46042F20-DFB6-4819-B40D-140DF367A966}"
EndProject
Project("{00D1A9C2-B5F0-4AF3-8072-F6C62B433612}") = "DatabaseEShop", "DatabaseEShop\DatabaseEShop.sqlproj", "{ABB2C1E5-55FD-4E18-A0B4-C6B71CA5CEEA}"
EndProject
Global
	GlobalSection(SolutionConfigurationPlatforms) = preSolution
		Debug|Any CPU = Debug|Any CPU
		Release|Any CPU = Release|Any CPU
	EndGlobalSection
	GlobalSection(ProjectConfigurationPlatforms) = postSolution
		{46042F20-DFB6-4819-B40D-140DF367A966}.Debug|Any CPU.ActiveCfg = Debug|Any CPU
		{46042F20-DFB6-4819-B40D-140DF367A966}.Debug|Any CPU.Build.0 = Debug|Any CPU
		{46042F20-DFB6-4819-B40D-140DF367A966}.Release|Any CPU.ActiveCfg = Release|Any CPU
		{46042F20-DFB6-4819-B40D-140DF367A966}.Release|Any CPU.Build.0 = Release|Any CPU
		{ABB2C1E5-55FD-4E18-A0B4-C6B71CA5CEEA}.Debug|Any CPU.ActiveCfg = Debug|Any CPU
		{ABB2C1E5-55FD-4E18-A0B4-C6B71CA5CEEA}.Debug|Any CPU.Build.0 = Debug|Any CPU
		{ABB2C1E5-55FD-4E18-A0B4-C6B71CA5CEEA}.Debug|Any CPU.Deploy.0 = Debug|Any CPU
		{ABB2C1E5-55FD-4E18-A0B4-C6B71CA5CEEA}.Release|Any CPU.ActiveCfg = Release|Any CPU
		{ABB2C1E5-55FD-4E18-A0B4-C6B71CA5CEEA}.Release|Any CPU.Build.0 = Release|Any CPU
		{ABB2C1E5-55FD-4E18-A0B4-C6B71CA5CEEA}.Release|Any CPU.Deploy.0 = Release|Any CPU
	EndGlobalSection
	GlobalSection(SolutionProperties) = preSolution
		HideSolutionNode = FALSE
	EndGlobalSection
	GlobalSection(ExtensibilityGlobals) = postSolution
		SolutionGuid = {AEA55475-D002-4F5B-971E-D8555412D7A7}
	EndGlobalSection
EndGlobal
